
Microsoft Visual Studio Solution File, Format Version 12.00
# Visual Studio Version 17
VisualStudioVersion = 17.5.33424.131
MinimumVisualStudioVersion = 10.0.40219.1
Project("{FAE04EC0-301F-11D3-BF4B-00C04F79EFBC}") = "console - final ch", "console - final ch\console - final ch.csproj", "{5BBC6580-C616-4E86-ABB2-0B8F676C858F}"
EndProject
Global
	GlobalSection(SolutionConfigurationPlatforms) = preSolution
		Debug|Any CPU = Debug|Any CPU
		Release|Any CPU = Release|Any CPU
	EndGlobalSection
	GlobalSection(ProjectConfigurationPlatforms) = postSolution
		{5BBC6580-C616-4E86-ABB2-0B8F676C858F}.Debug|Any CPU.ActiveCfg = Debug|Any CPU
		{5BBC6580-C616-4E86-ABB2-0B8F676C858F}.Debug|Any CPU.Build.0 = Debug|Any CPU
		{5BBC6580-C616-4E86-ABB2-0B8F676C858F}.Release|Any CPU.ActiveCfg = Release|Any CPU
		{5BBC6580-C616-4E86-ABB2-0B8F676C858F}.Release|Any CPU.Build.0 = Release|Any CPU
	EndGlobalSection
	GlobalSection(SolutionProperties) = preSolution
		HideSolutionNode = FALSE
	EndGlobalSection
	GlobalSection(ExtensibilityGlobals) = postSolution
		SolutionGuid = {573ED82F-FFA1-4F9D-A192-35E25F3FD937}
	EndGlobalSection
EndGlobal
